
Microsoft Visual Studio Solution File, Format Version 12.00
# Visual Studio Version 16
VisualStudioVersion = 16.0.32413.511
MinimumVisualStudioVersion = 10.0.40219.1
Project("{E24C65DC-7377-472B-9ABA-BC803B73C61A}") = "WcfLogisReportsService", ".", "{E104CBFD-BFC1-48C3-AC57-156CAF3B5711}"
	ProjectSection(WebsiteProperties) = preProject
		TargetFrameworkMoniker = ".NETFramework,Version%3Dv4.7"
		Debug.AspNetCompiler.VirtualPath = "/localhost_62663"
		Debug.AspNetCompiler.PhysicalPath = "..\WcfLogisReportsService\"
		Debug.AspNetCompiler.TargetPath = "PrecompiledWeb\localhost_62663\"
		Debug.AspNetCompiler.Updateable = "true"
		Debug.AspNetCompiler.ForceOverwrite = "true"
		Debug.AspNetCompiler.FixedNames = "false"
		Debug.AspNetCompiler.Debug = "True"
		Release.AspNetCompiler.VirtualPath = "/localhost_62663"
		Release.AspNetCompiler.PhysicalPath = "..\WcfLogisReportsService\"
		Release.AspNetCompiler.TargetPath = "PrecompiledWeb\localhost_62663\"
		Release.AspNetCompiler.Updateable = "true"
		Release.AspNetCompiler.ForceOverwrite = "true"
		Release.AspNetCompiler.FixedNames = "false"
		Release.AspNetCompiler.Debug = "False"
		VWDPort = "62663"
		SlnRelativePath = "..\WcfLogisReportsService\"
	EndProjectSection
EndProject
Global
	GlobalSection(SolutionConfigurationPlatforms) = preSolution
		Debug|Any CPU = Debug|Any CPU
	EndGlobalSection
	GlobalSection(ProjectConfigurationPlatforms) = postSolution
		{E104CBFD-BFC1-48C3-AC57-156CAF3B5711}.Debug|Any CPU.ActiveCfg = Debug|Any CPU
		{E104CBFD-BFC1-48C3-AC57-156CAF3B5711}.Debug|Any CPU.Build.0 = Debug|Any CPU
	EndGlobalSection
	GlobalSection(SolutionProperties) = preSolution
		HideSolutionNode = FALSE
	EndGlobalSection
	GlobalSection(ExtensibilityGlobals) = postSolution
		SolutionGuid = {E38DFCBC-08ED-48E3-BAD4-B6C72698810B}
	EndGlobalSection
EndGlobal
